
Microsoft Visual Studio Solution File, Format Version 12.00
# Visual Studio 2013
VisualStudioVersion = 12.0.31101.0
MinimumVisualStudioVersion = 10.0.40219.1
Project("{FAE04EC0-301F-11D3-BF4B-00C04F79EFBC}") = "Problem01", "Problem01\Problem01.csproj", "{44513E4A-BA4F-4A9D-BAE6-18C7F5089370}"
EndProject
Project("{FAE04EC0-301F-11D3-BF4B-00C04F79EFBC}") = "Problem02", "Problem02\Problem02.csproj", "{5A2B6AA0-F3A0-4051-9C36-635C3C8A3D64}"
EndProject
Project("{FAE04EC0-301F-11D3-BF4B-00C04F79EFBC}") = "Problem03", "Problem03\Problem03.csproj", "{CC999A16-41EF-4822-9CD9-464A08E9386B}"
EndProject
Global
	GlobalSection(SolutionConfigurationPlatforms) = preSolution
		Debug|Any CPU = Debug|Any CPU
		Release|Any CPU = Release|Any CPU
	EndGlobalSection
	GlobalSection(ProjectConfigurationPlatforms) = postSolution
		{44513E4A-BA4F-4A9D-BAE6-18C7F5089370}.Debug|Any CPU.ActiveCfg = Debug|Any CPU
		{44513E4A-BA4F-4A9D-BAE6-18C7F5089370}.Debug|Any CPU.Build.0 = Debug|Any CPU
		{44513E4A-BA4F-4A9D-BAE6-18C7F5089370}.Release|Any CPU.ActiveCfg = Release|Any CPU
		{44513E4A-BA4F-4A9D-BAE6-18C7F5089370}.Release|Any CPU.Build.0 = Release|Any CPU
		{5A2B6AA0-F3A0-4051-9C36-635C3C8A3D64}.Debug|Any CPU.ActiveCfg = Debug|Any CPU
		{5A2B6AA0-F3A0-4051-9C36-635C3C8A3D64}.Debug|Any CPU.Build.0 = Debug|Any CPU
		{5A2B6AA0-F3A0-4051-9C36-635C3C8A3D64}.Release|Any CPU.ActiveCfg = Release|Any CPU
		{5A2B6AA0-F3A0-4051-9C36-635C3C8A3D64}.Release|Any CPU.Build.0 = Release|Any CPU
		{CC999A16-41EF-4822-9CD9-464A08E9386B}.Debug|Any CPU.ActiveCfg = Debug|Any CPU
		{CC999A16-41EF-4822-9CD9-464A08E9386B}.Debug|Any CPU.Build.0 = Debug|Any CPU
		{CC999A16-41EF-4822-9CD9-464A08E9386B}.Release|Any CPU.ActiveCfg = Release|Any CPU
		{CC999A16-41EF-4822-9CD9-464A08E9386B}.Release|Any CPU.Build.0 = Release|Any CPU
	EndGlobalSection
	GlobalSection(SolutionProperties) = preSolution
		HideSolutionNode = FALSE
	EndGlobalSection
EndGlobal
