
Microsoft Visual Studio Solution File, Format Version 12.00
# Visual Studio 2013
VisualStudioVersion = 12.0.31101.0
MinimumVisualStudioVersion = 10.0.40219.1
Project("{FAE04EC0-301F-11D3-BF4B-00C04F79EFBC}") = "1. Shapes", "1. Shapes\1. Shapes.csproj", "{47B624B6-71E7-4C53-85DA-9F98A665AF1A}"
EndProject
Project("{FAE04EC0-301F-11D3-BF4B-00C04F79EFBC}") = "2. Bank of Kurtovo Konare", "2. Bank of Kurtovo Konare\2. Bank of Kurtovo Konare.csproj", "{47D0BDD5-69E5-425E-9A68-24A477432B13}"
EndProject
Project("{FAE04EC0-301F-11D3-BF4B-00C04F79EFBC}") = "TheSlum", "TheSlum\TheSlum.csproj", "{39DA2B24-66DC-4539-BE49-07F8D435FF8A}"
EndProject
Global
	GlobalSection(SolutionConfigurationPlatforms) = preSolution
		Debug|Any CPU = Debug|Any CPU
		Release|Any CPU = Release|Any CPU
	EndGlobalSection
	GlobalSection(ProjectConfigurationPlatforms) = postSolution
		{47B624B6-71E7-4C53-85DA-9F98A665AF1A}.Debug|Any CPU.ActiveCfg = Debug|Any CPU
		{47B624B6-71E7-4C53-85DA-9F98A665AF1A}.Debug|Any CPU.Build.0 = Debug|Any CPU
		{47B624B6-71E7-4C53-85DA-9F98A665AF1A}.Release|Any CPU.ActiveCfg = Release|Any CPU
		{47B624B6-71E7-4C53-85DA-9F98A665AF1A}.Release|Any CPU.Build.0 = Release|Any CPU
		{47D0BDD5-69E5-425E-9A68-24A477432B13}.Debug|Any CPU.ActiveCfg = Debug|Any CPU
		{47D0BDD5-69E5-425E-9A68-24A477432B13}.Debug|Any CPU.Build.0 = Debug|Any CPU
		{47D0BDD5-69E5-425E-9A68-24A477432B13}.Release|Any CPU.ActiveCfg = Release|Any CPU
		{47D0BDD5-69E5-425E-9A68-24A477432B13}.Release|Any CPU.Build.0 = Release|Any CPU
		{39DA2B24-66DC-4539-BE49-07F8D435FF8A}.Debug|Any CPU.ActiveCfg = Debug|Any CPU
		{39DA2B24-66DC-4539-BE49-07F8D435FF8A}.Debug|Any CPU.Build.0 = Debug|Any CPU
		{39DA2B24-66DC-4539-BE49-07F8D435FF8A}.Release|Any CPU.ActiveCfg = Release|Any CPU
		{39DA2B24-66DC-4539-BE49-07F8D435FF8A}.Release|Any CPU.Build.0 = Release|Any CPU
	EndGlobalSection
	GlobalSection(SolutionProperties) = preSolution
		HideSolutionNode = FALSE
	EndGlobalSection
EndGlobal
