
Microsoft Visual Studio Solution File, Format Version 12.00
# Visual Studio 2013
VisualStudioVersion = 12.0.31101.0
MinimumVisualStudioVersion = 10.0.40219.1
Project("{FAE04EC0-301F-11D3-BF4B-00C04F79EFBC}") = "Problem01", "Problem01\Problem01.csproj", "{17E27ADE-0A9F-41DF-ABBD-F82AB3AA9616}"
EndProject
Project("{FAE04EC0-301F-11D3-BF4B-00C04F79EFBC}") = "Problem02", "Problem02\Problem02.csproj", "{9C0B0055-71CF-4ED8-871B-400D3457B30F}"
EndProject
Global
	GlobalSection(SolutionConfigurationPlatforms) = preSolution
		Debug|Any CPU = Debug|Any CPU
		Release|Any CPU = Release|Any CPU
	EndGlobalSection
	GlobalSection(ProjectConfigurationPlatforms) = postSolution
		{17E27ADE-0A9F-41DF-ABBD-F82AB3AA9616}.Debug|Any CPU.ActiveCfg = Debug|Any CPU
		{17E27ADE-0A9F-41DF-ABBD-F82AB3AA9616}.Debug|Any CPU.Build.0 = Debug|Any CPU
		{17E27ADE-0A9F-41DF-ABBD-F82AB3AA9616}.Release|Any CPU.ActiveCfg = Release|Any CPU
		{17E27ADE-0A9F-41DF-ABBD-F82AB3AA9616}.Release|Any CPU.Build.0 = Release|Any CPU
		{9C0B0055-71CF-4ED8-871B-400D3457B30F}.Debug|Any CPU.ActiveCfg = Debug|Any CPU
		{9C0B0055-71CF-4ED8-871B-400D3457B30F}.Debug|Any CPU.Build.0 = Debug|Any CPU
		{9C0B0055-71CF-4ED8-871B-400D3457B30F}.Release|Any CPU.ActiveCfg = Release|Any CPU
		{9C0B0055-71CF-4ED8-871B-400D3457B30F}.Release|Any CPU.Build.0 = Release|Any CPU
	EndGlobalSection
	GlobalSection(SolutionProperties) = preSolution
		HideSolutionNode = FALSE
	EndGlobalSection
EndGlobal
